
Microsoft Visual Studio Solution File, Format Version 12.00
# Visual Studio Version 16
VisualStudioVersion = 16.0.30523.141
MinimumVisualStudioVersion = 10.0.40219.1
Project("{FAE04EC0-301F-11D3-BF4B-00C04F79EFBC}") = "Ababei23.04.2021", "Ababei23.04.2021\Ababei23.04.2021.csproj", "{31086E89-DF01-4ED3-9D26-D5536DB70A64}"
EndProject
Global
	GlobalSection(SolutionConfigurationPlatforms) = preSolution
		Debug|Any CPU = Debug|Any CPU
		Release|Any CPU = Release|Any CPU
	EndGlobalSection
	GlobalSection(ProjectConfigurationPlatforms) = postSolution
		{31086E89-DF01-4ED3-9D26-D5536DB70A64}.Debug|Any CPU.ActiveCfg = Debug|Any CPU
		{31086E89-DF01-4ED3-9D26-D5536DB70A64}.Debug|Any CPU.Build.0 = Debug|Any CPU
		{31086E89-DF01-4ED3-9D26-D5536DB70A64}.Release|Any CPU.ActiveCfg = Release|Any CPU
		{31086E89-DF01-4ED3-9D26-D5536DB70A64}.Release|Any CPU.Build.0 = Release|Any CPU
	EndGlobalSection
	GlobalSection(SolutionProperties) = preSolution
		HideSolutionNode = FALSE
	EndGlobalSection
	GlobalSection(ExtensibilityGlobals) = postSolution
		SolutionGuid = {0E5F539D-D1A9-4E21-A3CF-0681EE5CFBEB}
	EndGlobalSection
EndGlobal
