
Microsoft Visual Studio Solution File, Format Version 12.00
# Visual Studio Version 16
VisualStudioVersion = 16.0.29519.87
MinimumVisualStudioVersion = 10.0.40219.1
Project("{FAE04EC0-301F-11D3-BF4B-00C04F79EFBC}") = "13-NegozioDictionary", "13-NegozioDictionary\13-NegozioDictionary.csproj", "{969394AF-F2B2-48A7-9D89-54F6B668F1ED}"
EndProject
Global
	GlobalSection(SolutionConfigurationPlatforms) = preSolution
		Debug|Any CPU = Debug|Any CPU
		Release|Any CPU = Release|Any CPU
	EndGlobalSection
	GlobalSection(ProjectConfigurationPlatforms) = postSolution
		{969394AF-F2B2-48A7-9D89-54F6B668F1ED}.Debug|Any CPU.ActiveCfg = Debug|Any CPU
		{969394AF-F2B2-48A7-9D89-54F6B668F1ED}.Debug|Any CPU.Build.0 = Debug|Any CPU
		{969394AF-F2B2-48A7-9D89-54F6B668F1ED}.Release|Any CPU.ActiveCfg = Release|Any CPU
		{969394AF-F2B2-48A7-9D89-54F6B668F1ED}.Release|Any CPU.Build.0 = Release|Any CPU
	EndGlobalSection
	GlobalSection(SolutionProperties) = preSolution
		HideSolutionNode = FALSE
	EndGlobalSection
	GlobalSection(ExtensibilityGlobals) = postSolution
		SolutionGuid = {9EA351B5-4C45-40F1-930D-DD7AB364F4C1}
	EndGlobalSection
EndGlobal
