
Microsoft Visual Studio Solution File, Format Version 12.00
# Visual Studio Version 16
VisualStudioVersion = 16.0.29519.87
MinimumVisualStudioVersion = 10.0.40219.1
Project("{FAE04EC0-301F-11D3-BF4B-00C04F79EFBC}") = "29-Delegate", "29-Delegate\29-Delegate.csproj", "{1E1B4F52-5526-4D21-B1FD-50256F481885}"
EndProject
Global
	GlobalSection(SolutionConfigurationPlatforms) = preSolution
		Debug|Any CPU = Debug|Any CPU
		Release|Any CPU = Release|Any CPU
	EndGlobalSection
	GlobalSection(ProjectConfigurationPlatforms) = postSolution
		{1E1B4F52-5526-4D21-B1FD-50256F481885}.Debug|Any CPU.ActiveCfg = Debug|Any CPU
		{1E1B4F52-5526-4D21-B1FD-50256F481885}.Debug|Any CPU.Build.0 = Debug|Any CPU
		{1E1B4F52-5526-4D21-B1FD-50256F481885}.Release|Any CPU.ActiveCfg = Release|Any CPU
		{1E1B4F52-5526-4D21-B1FD-50256F481885}.Release|Any CPU.Build.0 = Release|Any CPU
	EndGlobalSection
	GlobalSection(SolutionProperties) = preSolution
		HideSolutionNode = FALSE
	EndGlobalSection
	GlobalSection(ExtensibilityGlobals) = postSolution
		SolutionGuid = {5F07B483-CCDD-4CCE-9AB2-3407F3243D7A}
	EndGlobalSection
EndGlobal
