
Microsoft Visual Studio Solution File, Format Version 12.00
# Visual Studio Version 16
VisualStudioVersion = 16.0.29411.108
MinimumVisualStudioVersion = 10.0.40219.1
Project("{FAE04EC0-301F-11D3-BF4B-00C04F79EFBC}") = "multiform01", "multiform01\multiform01.csproj", "{FED8BC67-7AE5-4BEE-98C5-6C6564714CC9}"
EndProject
Global
	GlobalSection(SolutionConfigurationPlatforms) = preSolution
		Debug|Any CPU = Debug|Any CPU
		Release|Any CPU = Release|Any CPU
	EndGlobalSection
	GlobalSection(ProjectConfigurationPlatforms) = postSolution
		{FED8BC67-7AE5-4BEE-98C5-6C6564714CC9}.Debug|Any CPU.ActiveCfg = Debug|Any CPU
		{FED8BC67-7AE5-4BEE-98C5-6C6564714CC9}.Debug|Any CPU.Build.0 = Debug|Any CPU
		{FED8BC67-7AE5-4BEE-98C5-6C6564714CC9}.Release|Any CPU.ActiveCfg = Release|Any CPU
		{FED8BC67-7AE5-4BEE-98C5-6C6564714CC9}.Release|Any CPU.Build.0 = Release|Any CPU
	EndGlobalSection
	GlobalSection(SolutionProperties) = preSolution
		HideSolutionNode = FALSE
	EndGlobalSection
	GlobalSection(ExtensibilityGlobals) = postSolution
		SolutionGuid = {B456150C-7F82-4B01-830D-3A75BDA80B3F}
	EndGlobalSection
EndGlobal
