
Microsoft Visual Studio Solution File, Format Version 12.00
# Visual Studio Version 16
VisualStudioVersion = 16.0.29411.108
MinimumVisualStudioVersion = 10.0.40219.1
Project("{FAE04EC0-301F-11D3-BF4B-00C04F79EFBC}") = "27-InterfacciaComparable", "27-InterfacciaComparable\27-InterfacciaComparable.csproj", "{CE94313F-A73F-446A-9021-F62FC09323CA}"
EndProject
Global
	GlobalSection(SolutionConfigurationPlatforms) = preSolution
		Debug|Any CPU = Debug|Any CPU
		Release|Any CPU = Release|Any CPU
	EndGlobalSection
	GlobalSection(ProjectConfigurationPlatforms) = postSolution
		{CE94313F-A73F-446A-9021-F62FC09323CA}.Debug|Any CPU.ActiveCfg = Debug|Any CPU
		{CE94313F-A73F-446A-9021-F62FC09323CA}.Debug|Any CPU.Build.0 = Debug|Any CPU
		{CE94313F-A73F-446A-9021-F62FC09323CA}.Release|Any CPU.ActiveCfg = Release|Any CPU
		{CE94313F-A73F-446A-9021-F62FC09323CA}.Release|Any CPU.Build.0 = Release|Any CPU
	EndGlobalSection
	GlobalSection(SolutionProperties) = preSolution
		HideSolutionNode = FALSE
	EndGlobalSection
	GlobalSection(ExtensibilityGlobals) = postSolution
		SolutionGuid = {C6E29F45-064C-410A-9869-1E88E3333953}
	EndGlobalSection
EndGlobal
