
Microsoft Visual Studio Solution File, Format Version 12.00
# Visual Studio Version 16
VisualStudioVersion = 16.0.30523.141
MinimumVisualStudioVersion = 10.0.40219.1
Project("{FAE04EC0-301F-11D3-BF4B-00C04F79EFBC}") = "ES10 -Registrazione form", "ES10 -Registrazione form\ES10 -Registrazione form.csproj", "{1449579B-FEF8-48C4-B200-A2BDD908A152}"
EndProject
Global
	GlobalSection(SolutionConfigurationPlatforms) = preSolution
		Debug|Any CPU = Debug|Any CPU
		Release|Any CPU = Release|Any CPU
	EndGlobalSection
	GlobalSection(ProjectConfigurationPlatforms) = postSolution
		{1449579B-FEF8-48C4-B200-A2BDD908A152}.Debug|Any CPU.ActiveCfg = Debug|Any CPU
		{1449579B-FEF8-48C4-B200-A2BDD908A152}.Debug|Any CPU.Build.0 = Debug|Any CPU
		{1449579B-FEF8-48C4-B200-A2BDD908A152}.Release|Any CPU.ActiveCfg = Release|Any CPU
		{1449579B-FEF8-48C4-B200-A2BDD908A152}.Release|Any CPU.Build.0 = Release|Any CPU
	EndGlobalSection
	GlobalSection(SolutionProperties) = preSolution
		HideSolutionNode = FALSE
	EndGlobalSection
	GlobalSection(ExtensibilityGlobals) = postSolution
		SolutionGuid = {9B41EC24-1BD7-4F3F-BFB7-2FFF721D7022}
	EndGlobalSection
EndGlobal
