
Microsoft Visual Studio Solution File, Format Version 12.00
# Visual Studio Version 16
VisualStudioVersion = 16.0.30611.23
MinimumVisualStudioVersion = 10.0.40219.1
Project("{FAE04EC0-301F-11D3-BF4B-00C04F79EFBC}") = "Es 6 - MetodoFactory", "Es 6 - MetodoFactory\Es 6 - MetodoFactory.csproj", "{75FED7FC-CD8A-40EE-B698-345B2763AC6A}"
EndProject
Global
	GlobalSection(SolutionConfigurationPlatforms) = preSolution
		Debug|Any CPU = Debug|Any CPU
		Release|Any CPU = Release|Any CPU
	EndGlobalSection
	GlobalSection(ProjectConfigurationPlatforms) = postSolution
		{75FED7FC-CD8A-40EE-B698-345B2763AC6A}.Debug|Any CPU.ActiveCfg = Debug|Any CPU
		{75FED7FC-CD8A-40EE-B698-345B2763AC6A}.Debug|Any CPU.Build.0 = Debug|Any CPU
		{75FED7FC-CD8A-40EE-B698-345B2763AC6A}.Release|Any CPU.ActiveCfg = Release|Any CPU
		{75FED7FC-CD8A-40EE-B698-345B2763AC6A}.Release|Any CPU.Build.0 = Release|Any CPU
	EndGlobalSection
	GlobalSection(SolutionProperties) = preSolution
		HideSolutionNode = FALSE
	EndGlobalSection
	GlobalSection(ExtensibilityGlobals) = postSolution
		SolutionGuid = {648F0261-8100-463F-A26B-A486207C924C}
	EndGlobalSection
EndGlobal
