
Microsoft Visual Studio Solution File, Format Version 12.00
# Visual Studio Version 16
VisualStudioVersion = 16.0.30523.141
MinimumVisualStudioVersion = 10.0.40219.1
Project("{FAE04EC0-301F-11D3-BF4B-00C04F79EFBC}") = "Es15-Pile", "Es15-Pile\Es15-Pile.csproj", "{934B3173-BE6E-406B-A502-7E639E796537}"
EndProject
Global
	GlobalSection(SolutionConfigurationPlatforms) = preSolution
		Debug|Any CPU = Debug|Any CPU
		Release|Any CPU = Release|Any CPU
	EndGlobalSection
	GlobalSection(ProjectConfigurationPlatforms) = postSolution
		{934B3173-BE6E-406B-A502-7E639E796537}.Debug|Any CPU.ActiveCfg = Debug|Any CPU
		{934B3173-BE6E-406B-A502-7E639E796537}.Debug|Any CPU.Build.0 = Debug|Any CPU
		{934B3173-BE6E-406B-A502-7E639E796537}.Release|Any CPU.ActiveCfg = Release|Any CPU
		{934B3173-BE6E-406B-A502-7E639E796537}.Release|Any CPU.Build.0 = Release|Any CPU
	EndGlobalSection
	GlobalSection(SolutionProperties) = preSolution
		HideSolutionNode = FALSE
	EndGlobalSection
	GlobalSection(ExtensibilityGlobals) = postSolution
		SolutionGuid = {5073359C-2C3C-474E-8A9D-1AADF69DBC27}
	EndGlobalSection
EndGlobal
