
Microsoft Visual Studio Solution File, Format Version 12.00
# Visual Studio Version 16
VisualStudioVersion = 16.0.29519.87
MinimumVisualStudioVersion = 10.0.40219.1
Project("{FAE04EC0-301F-11D3-BF4B-00C04F79EFBC}") = "30-PrimoEsercizioDispense[Delegate]", "30-PrimoEsercizioDispense[Delegate]\30-PrimoEsercizioDispense[Delegate].csproj", "{36A2D4CF-3D93-450D-9B0F-0AE378B3963C}"
EndProject
Global
	GlobalSection(SolutionConfigurationPlatforms) = preSolution
		Debug|Any CPU = Debug|Any CPU
		Release|Any CPU = Release|Any CPU
	EndGlobalSection
	GlobalSection(ProjectConfigurationPlatforms) = postSolution
		{36A2D4CF-3D93-450D-9B0F-0AE378B3963C}.Debug|Any CPU.ActiveCfg = Debug|Any CPU
		{36A2D4CF-3D93-450D-9B0F-0AE378B3963C}.Debug|Any CPU.Build.0 = Debug|Any CPU
		{36A2D4CF-3D93-450D-9B0F-0AE378B3963C}.Release|Any CPU.ActiveCfg = Release|Any CPU
		{36A2D4CF-3D93-450D-9B0F-0AE378B3963C}.Release|Any CPU.Build.0 = Release|Any CPU
	EndGlobalSection
	GlobalSection(SolutionProperties) = preSolution
		HideSolutionNode = FALSE
	EndGlobalSection
	GlobalSection(ExtensibilityGlobals) = postSolution
		SolutionGuid = {9A707C91-AE2E-4DD4-9F08-DD4EEA94A7BE}
	EndGlobalSection
EndGlobal
