
Microsoft Visual Studio Solution File, Format Version 12.00
# Visual Studio Version 16
VisualStudioVersion = 16.0.30523.141
MinimumVisualStudioVersion = 10.0.40219.1
Project("{FAE04EC0-301F-11D3-BF4B-00C04F79EFBC}") = "Es09 - classi indicizzate", "Es09 - classi indicizzate\Es09 - classi indicizzate.csproj", "{D753251B-AADD-4377-8846-18CB8A92C26D}"
EndProject
Global
	GlobalSection(SolutionConfigurationPlatforms) = preSolution
		Debug|Any CPU = Debug|Any CPU
		Release|Any CPU = Release|Any CPU
	EndGlobalSection
	GlobalSection(ProjectConfigurationPlatforms) = postSolution
		{D753251B-AADD-4377-8846-18CB8A92C26D}.Debug|Any CPU.ActiveCfg = Debug|Any CPU
		{D753251B-AADD-4377-8846-18CB8A92C26D}.Debug|Any CPU.Build.0 = Debug|Any CPU
		{D753251B-AADD-4377-8846-18CB8A92C26D}.Release|Any CPU.ActiveCfg = Release|Any CPU
		{D753251B-AADD-4377-8846-18CB8A92C26D}.Release|Any CPU.Build.0 = Release|Any CPU
	EndGlobalSection
	GlobalSection(SolutionProperties) = preSolution
		HideSolutionNode = FALSE
	EndGlobalSection
	GlobalSection(ExtensibilityGlobals) = postSolution
		SolutionGuid = {D110DAE7-175A-4E27-B770-3B01ED88F643}
	EndGlobalSection
EndGlobal
